{
  "name": "monitor-graphql",
  "version": "1.0.0",
  "lockfileVersion": 1,
  "requires": true,
  "dependencies": {
    "@ciro-maciel/utility": {
      "version": "2.1.1",
      "resolved": "https://registry.npmjs.org/@ciro-maciel/utility/-/utility-2.1.1.tgz",
      "integrity": "sha512-IvZm4cJnLG0XmehnS1XKd2nowLILrn4PSa/gci3/1dUm8VdROOz3jwE6WbKKJJQO6ZzNi4gmjhoWcmF+sn5CFw=="
    }
  }
}
